{
  "name": "hodoku",
  "version": "1.0.0",
  "lockfileVersion": 3,
  "requires": true,
  "packages": {
    "": {
      "name": "hodoku",
      "version": "1.0.0",
      "dependencies": {
        "@anthropic-ai/sdk": "^0.68.0",
        "kuromoji": "^0.1.2",
        "openai": "^7.3.0"
      },
      "devDependencies": {
        "@types/chrome": "^0.0.278",
        "@types/node": "^22.20.1",
        "esbuild": "^0.24.0",
        "puppeteer": "^25.4.0",
        "typescript": "^5.6.3"
      },
      "engines": {
        "node": ">=20"
      }
    },
    "node_modules/@anthropic-ai/sdk": {
      "version": "0.68.0",
      "resolved": "https://registry.npmjs.org/@anthropic-ai/sdk/-/sdk-0.68.0.tgz",
      "integrity": "sha512-SMYAmbbiprG8k1EjEPMTwaTqssDT7Ae+jxcR5kWXiqTlbwMR2AthXtscEVWOHkRfyAV5+y3PFYTJRNa3OJWIEw==",
      "license": "MIT",
      "dependencies": {
        "json-schema-to-ts": "^3.1.1"
      },
      "bin": {
        "anthropic-ai-sdk": "bin/cli"
      },
      "peerDependencies": {
        "zod": "^3.25.0 || ^4.0.0"
      },
      "peerDependenciesMeta": {
        "zod": {
          "optional": true
        }
      }
    },
    "node_modules/@babel/runtime": {
      "version": "7.29.7",
      "resolved": "https://registry.npmjs.org/@babel/runtime/-/runtime-7.29.7.tgz",
      "integrity": "sha512-Nq8OhGWiZIZGV6hLHoyAKLLcJihP/xFeBMGJoUrxTX2psI8dCifzLhZISFb+VWS3wFMRDmCGw5R+dOySCqPLhw==",
      "license": "MIT",
      "engines": {
        "node": ">=6.9.0"
      }
    },
    "node_modules/@esbuild/aix-ppc64": {
      "version": "0.24.2",
      "resolved": "https://registry.npmjs.org/@esbuild/aix-ppc64/-/aix-ppc64-0.24.2.tgz",
      "integrity": "sha512-thpVCb/rhxE/BnMLQ7GReQLLN8q9qbHmI55F4489/ByVg2aQaQ6kbcLb6FHkocZzQhxc4gx0sCk0tJkKBFzDhA==",
      "cpu": [
        "ppc64"
      ],
      "dev": true,
      "license": "MIT",
      "optional": true,
      "os": [
        "aix"
      ],
      "engines": {
        "node": ">=18"
      }
    },
    "node_modules/@esbuild/android-arm": {
      "version": "0.24.2",
      "resolved": "https://registry.npmjs.org/@esbuild/android-arm/-/android-arm-0.24.2.tgz",
      "integrity": "sha512-tmwl4hJkCfNHwFB3nBa8z1Uy3ypZpxqxfTQOcHX+xRByyYgunVbZ9MzUUfb0RxaHIMnbHagwAxuTL+tnNM+1/Q==",
      "cpu": [
        "arm"
      ],
      "dev": true,
      "license": "MIT",
      "optional": true,
      "os": [
        "android"
      ],
      "engines": {
        "node": ">=18"
      }
    },
    "node_modules/@esbuild/android-arm64": {
      "version": "0.24.2",
      "resolved": "https://registry.npmjs.org/@esbuild/android-arm64/-/android-arm64-0.24.2.tgz",
      "integrity": "sha512-cNLgeqCqV8WxfcTIOeL4OAtSmL8JjcN6m09XIgro1Wi7cF4t/THaWEa7eL5CMoMBdjoHOTh/vwTO/o2TRXIyzg==",
      "cpu": [
        "arm64"
      ],
      "dev": true,
      "license": "MIT",
      "optional": true,
      "os": [
        "android"
      ],
      "engines": {
        "node": ">=18"
      }
    },
    "node_modules/@esbuild/android-x64": {
      "version": "0.24.2",
      "resolved": "https://registry.npmjs.org/@esbuild/android-x64/-/android-x64-0.24.2.tgz",
      "integrity": "sha512-B6Q0YQDqMx9D7rvIcsXfmJfvUYLoP722bgfBlO5cGvNVb5V/+Y7nhBE3mHV9OpxBf4eAS2S68KZztiPaWq4XYw==",
      "cpu": [
        "x64"
      ],
      "dev": true,
      "license": "MIT",
      "optional": true,
      "os": [
        "android"
      ],
      "engines": {
        "node": ">=18"
      }
    },
    "node_modules/@esbuild/darwin-arm64": {
      "version": "0.24.2",
      "resolved": "https://registry.npmjs.org/@esbuild/darwin-arm64/-/darwin-arm64-0.24.2.tgz",
      "integrity": "sha512-kj3AnYWc+CekmZnS5IPu9D+HWtUI49hbnyqk0FLEJDbzCIQt7hg7ucF1SQAilhtYpIujfaHr6O0UHlzzSPdOeA==",
      "cpu": [
        "arm64"
      ],
      "dev": true,
      "license": "MIT",
      "optional": true,
      "os": [
        "darwin"
      ],
      "engines": {
        "node": ">=18"
      }
    },
    "node_modules/@esbuild/darwin-x64": {
      "version": "0.24.2",
      "resolved": "https://registry.npmjs.org/@esbuild/darwin-x64/-/darwin-x64-0.24.2.tgz",
      "integrity": "sha512-WeSrmwwHaPkNR5H3yYfowhZcbriGqooyu3zI/3GGpF8AyUdsrrP0X6KumITGA9WOyiJavnGZUwPGvxvwfWPHIA==",
      "cpu": [
        "x64"
      ],
      "dev": true,
      "license": "MIT",
      "optional": true,
      "os": [
        "darwin"
      ],
      "engines": {
        "node": ">=18"
      }
    },
    "node_modules/@esbuild/freebsd-arm64": {
      "version": "0.24.2",
      "resolved": "https://registry.npmjs.org/@esbuild/freebsd-arm64/-/freebsd-arm64-0.24.2.tgz",
      "integrity": "sha512-UN8HXjtJ0k/Mj6a9+5u6+2eZ2ERD7Edt1Q9IZiB5UZAIdPnVKDoG7mdTVGhHJIeEml60JteamR3qhsr1r8gXvg==",
      "cpu": [
        "arm64"
      ],
      "dev": true,
      "license": "MIT",
      "optional": true,
      "os": [
        "freebsd"
      ],
      "engines": {
        "node": ">=18"
      }
    },
    "node_modules/@esbuild/freebsd-x64": {
      "version": "0.24.2",
      "resolved": "https://registry.npmjs.org/@esbuild/freebsd-x64/-/freebsd-x64-0.24.2.tgz",
      "integrity": "sha512-TvW7wE/89PYW+IevEJXZ5sF6gJRDY/14hyIGFXdIucxCsbRmLUcjseQu1SyTko+2idmCw94TgyaEZi9HUSOe3Q==",
      "cpu": [
        "x64"
      ],
      "dev": true,
      "license": "MIT",
      "optional": true,
      "os": [
        "freebsd"
      ],
      "engines": {
        "node": ">=18"
      }
    },
    "node_modules/@esbuild/linux-arm": {
      "version": "0.24.2",
      "resolved": "https://registry.npmjs.org/@esbuild/linux-arm/-/linux-arm-0.24.2.tgz",
      "integrity": "sha512-n0WRM/gWIdU29J57hJyUdIsk0WarGd6To0s+Y+LwvlC55wt+GT/OgkwoXCXvIue1i1sSNWblHEig00GBWiJgfA==",
      "cpu": [
        "arm"
      ],
      "dev": true,
      "license": "MIT",
      "optional": true,
      "os": [
        "linux"
      ],
      "engines": {
        "node": ">=18"
      }
    },
    "node_modules/@esbuild/linux-arm64": {
      "version": "0.24.2",
      "resolved": "https://registry.npmjs.org/@esbuild/linux-arm64/-/linux-arm64-0.24.2.tgz",
      "integrity": "sha512-7HnAD6074BW43YvvUmE/35Id9/NB7BeX5EoNkK9obndmZBUk8xmJJeU7DwmUeN7tkysslb2eSl6CTrYz6oEMQg==",
      "cpu": [
        "arm64"
      ],
      "dev": true,
      "license": "MIT",
      "optional": true,
      "os": [
        "linux"
      ],
      "engines": {
        "node": ">=18"
      }
    },
    "node_modules/@esbuild/linux-ia32": {
      "version": "0.24.2",
      "resolved": "https://registry.npmjs.org/@esbuild/linux-ia32/-/linux-ia32-0.24.2.tgz",
      "integrity": "sha512-sfv0tGPQhcZOgTKO3oBE9xpHuUqguHvSo4jl+wjnKwFpapx+vUDcawbwPNuBIAYdRAvIDBfZVvXprIj3HA+Ugw==",
      "cpu": [
        "ia32"
      ],
      "dev": true,
      "license": "MIT",
      "optional": true,
      "os": [
        "linux"
      ],
      "engines": {
        "node": ">=18"
      }
    },
    "node_modules/@esbuild/linux-loong64": {
      "version": "0.24.2",
      "resolved": "https://registry.npmjs.org/@esbuild/linux-loong64/-/linux-loong64-0.24.2.tgz",
      "integrity": "sha512-CN9AZr8kEndGooS35ntToZLTQLHEjtVB5n7dl8ZcTZMonJ7CCfStrYhrzF97eAecqVbVJ7APOEe18RPI4KLhwQ==",
      "cpu": [
        "loong64"
      ],
      "dev": true,
      "license": "MIT",
      "optional": true,
      "os": [
        "linux"
      ],
      "engines": {
        "node": ">=18"
      }
    },
    "node_modules/@esbuild/linux-mips64el": {
      "version": "0.24.2",
      "resolved": "https://registry.npmjs.org/@esbuild/linux-mips64el/-/linux-mips64el-0.24.2.tgz",
      "integrity": "sha512-iMkk7qr/wl3exJATwkISxI7kTcmHKE+BlymIAbHO8xanq/TjHaaVThFF6ipWzPHryoFsesNQJPE/3wFJw4+huw==",
      "cpu": [
        "mips64el"
      ],
      "dev": true,
      "license": "MIT",
      "optional": true,
      "os": [
        "linux"
      ],
      "engines": {
        "node": ">=18"
      }
    },
    "node_modules/@esbuild/linux-ppc64": {
      "version": "0.24.2",
      "resolved": "https://registry.npmjs.org/@esbuild/linux-ppc64/-/linux-ppc64-0.24.2.tgz",
      "integrity": "sha512-shsVrgCZ57Vr2L8mm39kO5PPIb+843FStGt7sGGoqiiWYconSxwTiuswC1VJZLCjNiMLAMh34jg4VSEQb+iEbw==",
      "cpu": [
        "ppc64"
      ],
      "dev": true,
      "license": "MIT",
      "optional": true,
      "os": [
        "linux"
      ],
      "engines": {
        "node": ">=18"
      }
    },
    "node_modules/@esbuild/linux-riscv64": {
      "version": "0.24.2",
      "resolved": "https://registry.npmjs.org/@esbuild/linux-riscv64/-/linux-riscv64-0.24.2.tgz",
      "integrity": "sha512-4eSFWnU9Hhd68fW16GD0TINewo1L6dRrB+oLNNbYyMUAeOD2yCK5KXGK1GH4qD/kT+bTEXjsyTCiJGHPZ3eM9Q==",
      "cpu": [
        "riscv64"
      ],
      "dev": true,
      "license": "MIT",
      "optional": true,
      "os": [
        "linux"
      ],
      "engines": {
        "node": ">=18"
      }
    },
    "node_modules/@esbuild/linux-s390x": {
      "version": "0.24.2",
      "resolved": "https://registry.npmjs.org/@esbuild/linux-s390x/-/linux-s390x-0.24.2.tgz",
      "integrity": "sha512-S0Bh0A53b0YHL2XEXC20bHLuGMOhFDO6GN4b3YjRLK//Ep3ql3erpNcPlEFed93hsQAjAQDNsvcK+hV90FubSw==",
      "cpu": [
        "s390x"
      ],
      "dev": true,
      "license": "MIT",
      "optional": true,
      "os": [
        "linux"
      ],
      "engines": {
        "node": ">=18"
      }
    },
    "node_modules/@esbuild/linux-x64": {
      "version": "0.24.2",
      "resolved": "https://registry.npmjs.org/@esbuild/linux-x64/-/linux-x64-0.24.2.tgz",
      "integrity": "sha512-8Qi4nQcCTbLnK9WoMjdC9NiTG6/E38RNICU6sUNqK0QFxCYgoARqVqxdFmWkdonVsvGqWhmm7MO0jyTqLqwj0Q==",
      "cpu": [
        "x64"
      ],
      "dev": true,
      "license": "MIT",
      "optional": true,
      "os": [
        "linux"
      ],
      "engines": {
        "node": ">=18"
      }
    },
    "node_modules/@esbuild/netbsd-arm64": {
      "version": "0.24.2",
      "resolved": "https://registry.npmjs.org/@esbuild/netbsd-arm64/-/netbsd-arm64-0.24.2.tgz",
      "integrity": "sha512-wuLK/VztRRpMt9zyHSazyCVdCXlpHkKm34WUyinD2lzK07FAHTq0KQvZZlXikNWkDGoT6x3TD51jKQ7gMVpopw==",
      "cpu": [
        "arm64"
      ],
      "dev": true,
      "license": "MIT",
      "optional": true,
      "os": [
        "netbsd"
      ],
      "engines": {
        "node": ">=18"
      }
    },
    "node_modules/@esbuild/netbsd-x64": {
      "version": "0.24.2",
      "resolved": "https://registry.npmjs.org/@esbuild/netbsd-x64/-/netbsd-x64-0.24.2.tgz",
      "integrity": "sha512-VefFaQUc4FMmJuAxmIHgUmfNiLXY438XrL4GDNV1Y1H/RW3qow68xTwjZKfj/+Plp9NANmzbH5R40Meudu8mmw==",
      "cpu": [
        "x64"
      ],
      "dev": true,
      "license": "MIT",
      "optional": true,
      "os": [
        "netbsd"
      ],
      "engines": {
        "node": ">=18"
      }
    },
    "node_modules/@esbuild/openbsd-arm64": {
      "version": "0.24.2",
      "resolved": "https://registry.npmjs.org/@esbuild/openbsd-arm64/-/openbsd-arm64-0.24.2.tgz",
      "integrity": "sha512-YQbi46SBct6iKnszhSvdluqDmxCJA+Pu280Av9WICNwQmMxV7nLRHZfjQzwbPs3jeWnuAhE9Jy0NrnJ12Oz+0A==",
      "cpu": [
        "arm64"
      ],
      "dev": true,
      "license": "MIT",
      "optional": true,
      "os": [
        "openbsd"
      ],
      "engines": {
        "node": ">=18"
      }
    },
    "node_modules/@esbuild/openbsd-x64": {
      "version": "0.24.2",
      "resolved": "https://registry.npmjs.org/@esbuild/openbsd-x64/-/openbsd-x64-0.24.2.tgz",
      "integrity": "sha512-+iDS6zpNM6EnJyWv0bMGLWSWeXGN/HTaF/LXHXHwejGsVi+ooqDfMCCTerNFxEkM3wYVcExkeGXNqshc9iMaOA==",
      "cpu": [
        "x64"
      ],
      "dev": true,
      "license": "MIT",
      "optional": true,
      "os": [
        "openbsd"
      ],
      "engines": {
        "node": ">=18"
      }
    },
    "node_modules/@esbuild/sunos-x64": {
      "version": "0.24.2",
      "resolved": "https://registry.npmjs.org/@esbuild/sunos-x64/-/sunos-x64-0.24.2.tgz",
      "integrity": "sha512-hTdsW27jcktEvpwNHJU4ZwWFGkz2zRJUz8pvddmXPtXDzVKTTINmlmga3ZzwcuMpUvLw7JkLy9QLKyGpD2Yxig==",
      "cpu": [
        "x64"
      ],
      "dev": true,
      "license": "MIT",
      "optional": true,
      "os": [
        "sunos"
      ],
      "engines": {
        "node": ">=18"
      }
    },
    "node_modules/@esbuild/win32-arm64": {
      "version": "0.24.2",
      "resolved": "https://registry.npmjs.org/@esbuild/win32-arm64/-/win32-arm64-0.24.2.tgz",
      "integrity": "sha512-LihEQ2BBKVFLOC9ZItT9iFprsE9tqjDjnbulhHoFxYQtQfai7qfluVODIYxt1PgdoyQkz23+01rzwNwYfutxUQ==",
      "cpu": [
        "arm64"
      ],
      "dev": true,
      "license": "MIT",
      "optional": true,
      "os": [
        "win32"
      ],
      "engines": {
        "node": ">=18"
      }
    },
    "node_modules/@esbuild/win32-ia32": {
      "version": "0.24.2",
      "resolved": "https://registry.npmjs.org/@esbuild/win32-ia32/-/win32-ia32-0.24.2.tgz",
      "integrity": "sha512-q+iGUwfs8tncmFC9pcnD5IvRHAzmbwQ3GPS5/ceCyHdjXubwQWI12MKWSNSMYLJMq23/IUCvJMS76PDqXe1fxA==",
      "cpu": [
        "ia32"
      ],
      "dev": true,
      "license": "MIT",
      "optional": true,
      "os": [
        "win32"
      ],
      "engines": {
        "node": ">=18"
      }
    },
    "node_modules/@esbuild/win32-x64": {
      "version": "0.24.2",
      "resolved": "https://registry.npmjs.org/@esbuild/win32-x64/-/win32-x64-0.24.2.tgz",
      "integrity": "sha512-7VTgWzgMGvup6aSqDPLiW5zHaxYJGTO4OokMjIlrCtf+VpEL+cXKtCvg723iguPYI5oaUNdS+/V7OU2gvXVWEg==",
      "cpu": [
        "x64"
      ],
      "dev": true,
      "license": "MIT",
      "optional": true,
      "os": [
        "win32"
      ],
      "engines": {
        "node": ">=18"
      }
    },
    "node_modules/@puppeteer/browsers": {
      "version": "3.0.6",
      "resolved": "https://registry.npmjs.org/@puppeteer/browsers/-/browsers-3.0.6.tgz",
      "integrity": "sha512-B/gKoqlFkzhvzsI6jo9K1cZz9o5ypviVv/xu8CwA4grZzyVwN+XfkT+tu8T1zrauuEXv6VhS2oGX+6NL95WcKA==",
      "dev": true,
      "license": "Apache-2.0",
      "dependencies": {
        "modern-tar": "^0.7.6",
        "yargs": "^18.0.0"
      },
      "bin": {
        "browsers": "lib/main-cli.js"
      },
      "engines": {
        "node": ">=22.12.0"
      },
      "peerDependencies": {
        "proxy-agent": ">=8.0.1",
        "yauzl": "^2.10.0 || ^3.4.0"
      },
      "peerDependenciesMeta": {
        "proxy-agent": {
          "optional": true
        },
        "yauzl": {
          "optional": true
        }
      }
    },
    "node_modules/@types/chrome": {
      "version": "0.0.278",
      "resolved": "https://registry.npmjs.org/@types/chrome/-/chrome-0.0.278.tgz",
      "integrity": "sha512-PDIJodOu7o54PpSOYLybPW/MDZBCjM1TKgf31I3Q/qaEbNpIH09rOM3tSEH3N7Q+FAqb1933LhF8ksUPYeQLNg==",
      "dev": true,
      "license": "MIT",
      "dependencies": {
        "@types/filesystem": "*",
        "@types/har-format": "*"
      }
    },
    "node_modules/@types/filesystem": {
      "version": "0.0.36",
      "resolved": "https://registry.npmjs.org/@types/filesystem/-/filesystem-0.0.36.tgz",
      "integrity": "sha512-vPDXOZuannb9FZdxgHnqSwAG/jvdGM8Wq+6N4D/d80z+D4HWH+bItqsZaVRQykAn6WEVeEkLm2oQigyHtgb0RA==",
      "dev": true,
      "license": "MIT",
      "dependencies": {
        "@types/filewriter": "*"
      }
    },
    "node_modules/@types/filewriter": {
      "version": "0.0.33",
      "resolved": "https://registry.npmjs.org/@types/filewriter/-/filewriter-0.0.33.tgz",
      "integrity": "sha512-xFU8ZXTw4gd358lb2jw25nxY9QAgqn2+bKKjKOYfNCzN4DKCFetK7sPtrlpg66Ywe3vWY9FNxprZawAh9wfJ3g==",
      "dev": true,
      "license": "MIT"
    },
    "node_modules/@types/har-format": {
      "version": "1.2.16",
      "resolved": "https://registry.npmjs.org/@types/har-format/-/har-format-1.2.16.tgz",
      "integrity": "sha512-fluxdy7ryD3MV6h8pTfTYpy/xQzCFC7m89nOH9y94cNqJ1mDIDPut7MnRHI3F6qRmh/cT2fUjG1MLdCNb4hE9A==",
      "dev": true,
      "license": "MIT"
    },
    "node_modules/@types/node": {
      "version": "22.20.1",
      "resolved": "https://registry.npmjs.org/@types/node/-/node-22.20.1.tgz",
      "integrity": "sha512-EANqOCF9QFyra+4pfxUcX9STKJpCLjMbObVzljIJomAWSnuSIEAvyzEU53GaajbXJEgdh0iEcPL+DGvpUd4k1Q==",
      "dev": true,
      "license": "MIT",
      "dependencies": {
        "undici-types": "~6.21.0"
      }
    },
    "node_modules/ansi-regex": {
      "version": "6.2.2",
      "resolved": "https://registry.npmjs.org/ansi-regex/-/ansi-regex-6.2.2.tgz",
      "integrity": "sha512-Bq3SmSpyFHaWjPk8If9yc6svM8c56dB5BAtW4Qbw5jHTwwXXcTLoRMkpDJp6VL0XzlWaCHTXrkFURMYmD0sLqg==",
      "dev": true,
      "license": "MIT",
      "engines": {
        "node": ">=12"
      },
      "funding": {
        "url": "https://github.com/chalk/ansi-regex?sponsor=1"
      }
    },
    "node_modules/ansi-styles": {
      "version": "6.2.3",
      "resolved": "https://registry.npmjs.org/ansi-styles/-/ansi-styles-6.2.3.tgz",
      "integrity": "sha512-4Dj6M28JB+oAH8kFkTLUo+a2jwOFkuqb3yucU0CANcRRUbxS0cP0nZYCGjcc3BNXwRIsUVmDGgzawme7zvJHvg==",
      "dev": true,
      "license": "MIT",
      "engines": {
        "node": ">=12"
      },
      "funding": {
        "url": "https://github.com/chalk/ansi-styles?sponsor=1"
      }
    },
    "node_modules/async": {
      "version": "2.6.4",
      "resolved": "https://registry.npmjs.org/async/-/async-2.6.4.tgz",
      "integrity": "sha512-mzo5dfJYwAn29PeiJ0zvwTo04zj8HDJj0Mn8TD7sno7q12prdbnasKJHhkm2c1LgrhlJ0teaea8860oxi51mGA==",
      "license": "MIT",
      "dependencies": {
        "lodash": "^4.17.14"
      }
    },
    "node_modules/chromium-bidi": {
      "version": "17.0.2",
      "resolved": "https://registry.npmjs.org/chromium-bidi/-/chromium-bidi-17.0.2.tgz",
      "integrity": "sha512-5v9GQFhTktFvotn/OFNJBmKLKRAb6n9r0bVCwf7sHgWc3/JryK0bj1nn93L3pHFrfgcsu6Be6EWsDi+1XHTGDg==",
      "dev": true,
      "license": "Apache-2.0",
      "dependencies": {
        "mitt": "^3.0.1",
        "zod": "^3.24.1"
      },
      "engines": {
        "node": ">=20.19.0 <22.0.0 || >=22.12.0"
      },
      "peerDependencies": {
        "devtools-protocol": "*"
      }
    },
    "node_modules/cliui": {
      "version": "9.0.1",
      "resolved": "https://registry.npmjs.org/cliui/-/cliui-9.0.1.tgz",
      "integrity": "sha512-k7ndgKhwoQveBL+/1tqGJYNz097I7WOvwbmmU2AR5+magtbjPWQTS1C5vzGkBC8Ym8UWRzfKUzUUqFLypY4Q+w==",
      "dev": true,
      "license": "ISC",
      "dependencies": {
        "string-width": "^7.2.0",
        "strip-ansi": "^7.1.0",
        "wrap-ansi": "^9.0.0"
      },
      "engines": {
        "node": ">=20"
      }
    },
    "node_modules/cliui/node_modules/string-width": {
      "version": "7.2.0",
      "resolved": "https://registry.npmjs.org/string-width/-/string-width-7.2.0.tgz",
      "integrity": "sha512-tsaTIkKW9b4N+AEj+SVA+WhJzV7/zMhcSu78mLKWSk7cXMOSHsBKFWUs0fWwq8QyK3MgJBQRX6Gbi4kYbdvGkQ==",
      "dev": true,
      "license": "MIT",
      "dependencies": {
        "emoji-regex": "^10.3.0",
        "get-east-asian-width": "^1.0.0",
        "strip-ansi": "^7.1.0"
      },
      "engines": {
        "node": ">=18"
      },
      "funding": {
        "url": "https://github.com/sponsors/sindresorhus"
      }
    },
    "node_modules/devtools-protocol": {
      "version": "0.0.1653615",
      "resolved": "https://registry.npmjs.org/devtools-protocol/-/devtools-protocol-0.0.1653615.tgz",
      "integrity": "sha512-pGVkY3T/qXxAp2nFPodwYqOevk6ncNMSmvL8QfRCx5ZWGd6Vor7AFNmyaA8Zs6uJyP1QAfjuLandCgvSix1BNA==",
      "dev": true,
      "license": "BSD-3-Clause"
    },
    "node_modules/doublearray": {
      "version": "0.0.2",
      "resolved": "https://registry.npmjs.org/doublearray/-/doublearray-0.0.2.tgz",
      "integrity": "sha512-aw55FtZzT6AmiamEj2kvmR6BuFqvYgKZUkfQ7teqVRNqD5UE0rw8IeW/3gieHNKQ5sPuDKlljWEn4bzv5+1bHw==",
      "license": "MIT"
    },
    "node_modules/emoji-regex": {
      "version": "10.6.0",
      "resolved": "https://registry.npmjs.org/emoji-regex/-/emoji-regex-10.6.0.tgz",
      "integrity": "sha512-toUI84YS5YmxW219erniWD0CIVOo46xGKColeNQRgOzDorgBi1v4D71/OFzgD9GO2UGKIv1C3Sp8DAn0+j5w7A==",
      "dev": true,
      "license": "MIT"
    },
    "node_modules/esbuild": {
      "version": "0.24.2",
      "resolved": "https://registry.npmjs.org/esbuild/-/esbuild-0.24.2.tgz",
      "integrity": "sha512-+9egpBW8I3CD5XPe0n6BfT5fxLzxrlDzqydF3aviG+9ni1lDC/OvMHcxqEFV0+LANZG5R1bFMWfUrjVsdwxJvA==",
      "dev": true,
      "hasInstallScript": true,
      "license": "MIT",
      "bin": {
        "esbuild": "bin/esbuild"
      },
      "engines": {
        "node": ">=18"
      },
      "optionalDependencies": {
        "@esbuild/aix-ppc64": "0.24.2",
        "@esbuild/android-arm": "0.24.2",
        "@esbuild/android-arm64": "0.24.2",
        "@esbuild/android-x64": "0.24.2",
        "@esbuild/darwin-arm64": "0.24.2",
        "@esbuild/darwin-x64": "0.24.2",
        "@esbuild/freebsd-arm64": "0.24.2",
        "@esbuild/freebsd-x64": "0.24.2",
        "@esbuild/linux-arm": "0.24.2",
        "@esbuild/linux-arm64": "0.24.2",
        "@esbuild/linux-ia32": "0.24.2",
        "@esbuild/linux-loong64": "0.24.2",
        "@esbuild/linux-mips64el": "0.24.2",
        "@esbuild/linux-ppc64": "0.24.2",
        "@esbuild/linux-riscv64": "0.24.2",
        "@esbuild/linux-s390x": "0.24.2",
        "@esbuild/linux-x64": "0.24.2",
        "@esbuild/netbsd-arm64": "0.24.2",
        "@esbuild/netbsd-x64": "0.24.2",
        "@esbuild/openbsd-arm64": "0.24.2",
        "@esbuild/openbsd-x64": "0.24.2",
        "@esbuild/sunos-x64": "0.24.2",
        "@esbuild/win32-arm64": "0.24.2",
        "@esbuild/win32-ia32": "0.24.2",
        "@esbuild/win32-x64": "0.24.2"
      }
    },
    "node_modules/escalade": {
      "version": "3.2.0",
      "resolved": "https://registry.npmjs.org/escalade/-/escalade-3.2.0.tgz",
      "integrity": "sha512-WUj2qlxaQtO4g6Pq5c29GTcWGDyd8itL8zTlipgECz3JesAiiOKotd8JU6otB3PACgG6xkJUyVhboMS+bje/jA==",
      "dev": true,
      "license": "MIT",
      "engines": {
        "node": ">=6"
      }
    },
    "node_modules/get-caller-file": {
      "version": "2.0.5",
      "resolved": "https://registry.npmjs.org/get-caller-file/-/get-caller-file-2.0.5.tgz",
      "integrity": "sha512-DyFP3BM/3YHTQOCUL/w0OZHR0lpKeGrxotcHWcqNEdnltqFwXVfhEBQ94eIo34AfQpo0rGki4cyIiftY06h2Fg==",
      "dev": true,
      "license": "ISC",
      "engines": {
        "node": "6.* || 8.* || >= 10.*"
      }
    },
    "node_modules/get-east-asian-width": {
      "version": "1.6.0",
      "resolved": "https://registry.npmjs.org/get-east-asian-width/-/get-east-asian-width-1.6.0.tgz",
      "integrity": "sha512-QRbvDIbx6YklUe6RxeTeleMR0yv3cYH6PsPZHcnVn7xv7zO1BHN8r0XETu8n6Ye3Q+ahtSarc3WgtNWmehIBfA==",
      "dev": true,
      "license": "MIT",
      "engines": {
        "node": ">=18"
      },
      "funding": {
        "url": "https://github.com/sponsors/sindresorhus"
      }
    },
    "node_modules/json-schema-to-ts": {
      "version": "3.1.1",
      "resolved": "https://registry.npmjs.org/json-schema-to-ts/-/json-schema-to-ts-3.1.1.tgz",
      "integrity": "sha512-+DWg8jCJG2TEnpy7kOm/7/AxaYoaRbjVB4LFZLySZlWn8exGs3A4OLJR966cVvU26N7X9TWxl+Jsw7dzAqKT6g==",
      "license": "MIT",
      "dependencies": {
        "@babel/runtime": "^7.18.3",
        "ts-algebra": "^2.0.0"
      },
      "engines": {
        "node": ">=16"
      }
    },
    "node_modules/kuromoji": {
      "version": "0.1.2",
      "resolved": "https://registry.npmjs.org/kuromoji/-/kuromoji-0.1.2.tgz",
      "integrity": "sha512-V0dUf+C2LpcPEXhoHLMAop/bOht16Dyr+mDiIE39yX3vqau7p80De/koFqpiTcL1zzdZlc3xuHZ8u5gjYRfFaQ==",
      "license": "Apache-2.0",
      "dependencies": {
        "async": "^2.0.1",
        "doublearray": "0.0.2",
        "zlibjs": "^0.3.1"
      }
    },
    "node_modules/lilconfig": {
      "version": "3.1.3",
      "resolved": "https://registry.npmjs.org/lilconfig/-/lilconfig-3.1.3.tgz",
      "integrity": "sha512-/vlFKAoH5Cgt3Ie+JLhRbwOsCQePABiU3tJ1egGvyQ+33R/vcwM2Zl2QR/LzjsBeItPt3oSVXapn+m4nQDvpzw==",
      "dev": true,
      "license": "MIT",
      "engines": {
        "node": ">=14"
      },
      "funding": {
        "url": "https://github.com/sponsors/antonk52"
      }
    },
    "node_modules/lodash": {
      "version": "4.18.1",
      "resolved": "https://registry.npmjs.org/lodash/-/lodash-4.18.1.tgz",
      "integrity": "sha512-dMInicTPVE8d1e5otfwmmjlxkZoUpiVLwyeTdUsi/Caj/gfzzblBcCE5sRHV/AsjuCmxWrte2TNGSYuCeCq+0Q==",
      "license": "MIT"
    },
    "node_modules/mitt": {
      "version": "3.0.1",
      "resolved": "https://registry.npmjs.org/mitt/-/mitt-3.0.1.tgz",
      "integrity": "sha512-vKivATfr97l2/QBCYAkXYDbrIWPM2IIKEl7YPhjCvKlG3kE2gm+uBo6nEXK3M5/Ffh/FLpKExzOQ3JJoJGFKBw==",
      "dev": true,
      "license": "MIT"
    },
    "node_modules/modern-tar": {
      "version": "0.7.7",
      "resolved": "https://registry.npmjs.org/modern-tar/-/modern-tar-0.7.7.tgz",
      "integrity": "sha512-t9VmxaqrmANnEOBhpSDI6HD192Ge48k8vmWqQQL7hSFEqHEYwZbbsu49+aKLWZeRvFs3j1pMhXOqqF4kPlvjkQ==",
      "dev": true,
      "license": "MIT",
      "engines": {
        "node": ">=18.0.0"
      }
    },
    "node_modules/openai": {
      "version": "7.3.0",
      "resolved": "https://registry.npmjs.org/openai/-/openai-7.3.0.tgz",
      "integrity": "sha512-FLnIAkDEP3grs+BSDpqxEWVR37yG97/hs95lajF8SnHuA5nqtssh0uJVXbPhODNEoZqar+nEd+fIeGJgwoLUmg==",
      "license": "Apache-2.0",
      "engines": {
        "node": ">=22.0.0"
      },
      "peerDependencies": {
        "@aws-sdk/credential-provider-node": ">=3.972.0 <4",
        "@smithy/hash-node": ">=4.3.0 <5",
        "@smithy/signature-v4": ">=5.4.0 <6",
        "ws": "^8.18.0",
        "zod": "^3.25 || ^4.0"
      },
      "peerDependenciesMeta": {
        "@aws-sdk/credential-provider-node": {
          "optional": true
        },
        "@smithy/hash-node": {
          "optional": true
        },
        "@smithy/signature-v4": {
          "optional": true
        },
        "ws": {
          "optional": true
        },
        "zod": {
          "optional": true
        }
      }
    },
    "node_modules/puppeteer": {
      "version": "25.4.0",
      "resolved": "https://registry.npmjs.org/puppeteer/-/puppeteer-25.4.0.tgz",
      "integrity": "sha512-xfQp8dFBcGaLc1hEMaVr7s+oW4ZkAurr8Y9H81ilKhu6QoLfSTkZjU7IavnyJ/VWpB9ni3KNJUQHUatslLWyGw==",
      "dev": true,
      "hasInstallScript": true,
      "license": "Apache-2.0",
      "dependencies": {
        "@puppeteer/browsers": "3.0.6",
        "chromium-bidi": "17.0.2",
        "devtools-protocol": "0.0.1653615",
        "lilconfig": "^3.1.3",
        "puppeteer-core": "25.4.0",
        "typed-query-selector": "^2.12.2"
      },
      "bin": {
        "puppeteer": "lib/puppeteer/node/cli.js"
      },
      "engines": {
        "node": ">=22.12.0"
      }
    },
    "node_modules/puppeteer-core": {
      "version": "25.4.0",
      "resolved": "https://registry.npmjs.org/puppeteer-core/-/puppeteer-core-25.4.0.tgz",
      "integrity": "sha512-K1plkLOdeoUnGeT1OvdqF3qxl33v+Ra/uH5VyPEhXdMcpvGiEskHzxxEU3fgpccJpJLIipB/rPUsvkZRWeKqOA==",
      "dev": true,
      "license": "Apache-2.0",
      "dependencies": {
        "@puppeteer/browsers": "3.0.6",
        "chromium-bidi": "17.0.2",
        "devtools-protocol": "0.0.1653615",
        "typed-query-selector": "^2.12.2",
        "webdriver-bidi-protocol": "0.4.2",
        "ws": "^8.21.1"
      },
      "engines": {
        "node": ">=22.12.0"
      }
    },
    "node_modules/string-width": {
      "version": "8.2.2",
      "resolved": "https://registry.npmjs.org/string-width/-/string-width-8.2.2.tgz",
      "integrity": "sha512-GaPUh5gfdrYzqeVNZvUfT23vYYxXzKYidUcnMtJg/3rxRV63EFZy3k6xfKlmfeJD0176lnUV/Usr3XcwSvFzpg==",
      "dev": true,
      "license": "MIT",
      "dependencies": {
        "get-east-asian-width": "^1.5.0",
        "strip-ansi": "^7.1.2"
      },
      "engines": {
        "node": ">=20"
      },
      "funding": {
        "url": "https://github.com/sponsors/sindresorhus"
      }
    },
    "node_modules/strip-ansi": {
      "version": "7.2.0",
      "resolved": "https://registry.npmjs.org/strip-ansi/-/strip-ansi-7.2.0.tgz",
      "integrity": "sha512-yDPMNjp4WyfYBkHnjIRLfca1i6KMyGCtsVgoKe/z1+6vukgaENdgGBZt+ZmKPc4gavvEZ5OgHfHdrazhgNyG7w==",
      "dev": true,
      "license": "MIT",
      "dependencies": {
        "ansi-regex": "^6.2.2"
      },
      "engines": {
        "node": ">=12"
      },
      "funding": {
        "url": "https://github.com/chalk/strip-ansi?sponsor=1"
      }
    },
    "node_modules/ts-algebra": {
      "version": "2.0.0",
      "resolved": "https://registry.npmjs.org/ts-algebra/-/ts-algebra-2.0.0.tgz",
      "integrity": "sha512-FPAhNPFMrkwz76P7cdjdmiShwMynZYN6SgOujD1urY4oNm80Ou9oMdmbR45LotcKOXoy7wSmHkRFE6Mxbrhefw==",
      "license": "MIT"
    },
    "node_modules/typed-query-selector": {
      "version": "2.12.2",
      "resolved": "https://registry.npmjs.org/typed-query-selector/-/typed-query-selector-2.12.2.tgz",
      "integrity": "sha512-EOPFbyIub4ngnEdqi2yOcNeDLaX/0jcE1JoAXQDDMIthap7FoN795lc/SHfIq2d416VufXpM8z/lD+WRm2gfOQ==",
      "dev": true,
      "license": "MIT"
    },
    "node_modules/typescript": {
      "version": "5.9.3",
      "resolved": "https://registry.npmjs.org/typescript/-/typescript-5.9.3.tgz",
      "integrity": "sha512-jl1vZzPDinLr9eUt3J/t7V6FgNEw9QjvBPdysz9KfQDD41fQrC2Y4vKQdiaUpFT4bXlb1RHhLpp8wtm6M5TgSw==",
      "dev": true,
      "license": "Apache-2.0",
      "bin": {
        "tsc": "bin/tsc",
        "tsserver": "bin/tsserver"
      },
      "engines": {
        "node": ">=14.17"
      }
    },
    "node_modules/undici-types": {
      "version": "6.21.0",
      "resolved": "https://registry.npmjs.org/undici-types/-/undici-types-6.21.0.tgz",
      "integrity": "sha512-iwDZqg0QAGrg9Rav5H4n0M64c3mkR59cJ6wQp+7C4nI0gsmExaedaYLNO44eT4AtBBwjbTiGPMlt2Md0T9H9JQ==",
      "dev": true,
      "license": "MIT"
    },
    "node_modules/webdriver-bidi-protocol": {
      "version": "0.4.2",
      "resolved": "https://registry.npmjs.org/webdriver-bidi-protocol/-/webdriver-bidi-protocol-0.4.2.tgz",
      "integrity": "sha512-VSV+fzfChirL3e7jay2yUC7B4HQCGtEWEg/MSSQbK+qWbqeGlRLlXTzPpYr3XGUvbpDHumWZBJxgesg4N7dbtA==",
      "dev": true,
      "license": "Apache-2.0"
    },
    "node_modules/wrap-ansi": {
      "version": "9.0.2",
      "resolved": "https://registry.npmjs.org/wrap-ansi/-/wrap-ansi-9.0.2.tgz",
      "integrity": "sha512-42AtmgqjV+X1VpdOfyTGOYRi0/zsoLqtXQckTmqTeybT+BDIbM/Guxo7x3pE2vtpr1ok6xRqM9OpBe+Jyoqyww==",
      "dev": true,
      "license": "MIT",
      "dependencies": {
        "ansi-styles": "^6.2.1",
        "string-width": "^7.0.0",
        "strip-ansi": "^7.1.0"
      },
      "engines": {
        "node": ">=18"
      },
      "funding": {
        "url": "https://github.com/chalk/wrap-ansi?sponsor=1"
      }
    },
    "node_modules/wrap-ansi/node_modules/string-width": {
      "version": "7.2.0",
      "resolved": "https://registry.npmjs.org/string-width/-/string-width-7.2.0.tgz",
      "integrity": "sha512-tsaTIkKW9b4N+AEj+SVA+WhJzV7/zMhcSu78mLKWSk7cXMOSHsBKFWUs0fWwq8QyK3MgJBQRX6Gbi4kYbdvGkQ==",
      "dev": true,
      "license": "MIT",
      "dependencies": {
        "emoji-regex": "^10.3.0",
        "get-east-asian-width": "^1.0.0",
        "strip-ansi": "^7.1.0"
      },
      "engines": {
        "node": ">=18"
      },
      "funding": {
        "url": "https://github.com/sponsors/sindresorhus"
      }
    },
    "node_modules/ws": {
      "version": "8.21.1",
      "resolved": "https://registry.npmjs.org/ws/-/ws-8.21.1.tgz",
      "integrity": "sha512-+0NTnW77fFN/DjQi6k/Sq/Yvk4Sgajw7urW8V+asjXnRgDs9gyGkdb7EzgfhA4goXsRIZKE28fzIXBHEzhuiWw==",
      "devOptional": true,
      "license": "MIT",
      "engines": {
        "node": ">=10.0.0"
      },
      "peerDependencies": {
        "bufferutil": "^4.0.1",
        "utf-8-validate": ">=5.0.2"
      },
      "peerDependenciesMeta": {
        "bufferutil": {
          "optional": true
        },
        "utf-8-validate": {
          "optional": true
        }
      }
    },
    "node_modules/y18n": {
      "version": "5.0.8",
      "resolved": "https://registry.npmjs.org/y18n/-/y18n-5.0.8.tgz",
      "integrity": "sha512-0pfFzegeDWJHJIAmTLRP2DwHjdF5s7jo9tuztdQxAhINCdvS+3nGINqPd00AphqJR/0LhANUS6/+7SCb98YOfA==",
      "dev": true,
      "license": "ISC",
      "engines": {
        "node": ">=10"
      }
    },
    "node_modules/yargs": {
      "version": "18.1.0",
      "resolved": "https://registry.npmjs.org/yargs/-/yargs-18.1.0.tgz",
      "integrity": "sha512-2rAgRKu54VsHkqI0/tYkmluGXHD4KW7yZoycuqDQ15QOTnc2VVfy0nN/1eMhnQLO00A+dwtK20xuCnc1YGeUyg==",
      "dev": true,
      "license": "MIT",
      "dependencies": {
        "cliui": "^9.0.1",
        "escalade": "^3.1.1",
        "get-caller-file": "^2.0.5",
        "string-width": "^8.2.1",
        "y18n": "^5.0.5",
        "yargs-parser": "^22.0.0"
      },
      "engines": {
        "node": "^20.19.0 || ^22.12.0 || >=23"
      }
    },
    "node_modules/yargs-parser": {
      "version": "22.0.0",
      "resolved": "https://registry.npmjs.org/yargs-parser/-/yargs-parser-22.0.0.tgz",
      "integrity": "sha512-rwu/ClNdSMpkSrUb+d6BRsSkLUq1fmfsY6TOpYzTwvwkg1/NRG85KBy3kq++A8LKQwX6lsu+aWad+2khvuXrqw==",
      "dev": true,
      "license": "ISC",
      "engines": {
        "node": "^20.19.0 || ^22.12.0 || >=23"
      }
    },
    "node_modules/zlibjs": {
      "version": "0.3.1",
      "resolved": "https://registry.npmjs.org/zlibjs/-/zlibjs-0.3.1.tgz",
      "integrity": "sha512-+J9RrgTKOmlxFSDHo0pI1xM6BLVUv+o0ZT9ANtCxGkjIVCCUdx9alUF8Gm+dGLKbkkkidWIHFDZHDMpfITt4+w==",
      "license": "MIT",
      "engines": {
        "node": "*"
      }
    },
    "node_modules/zod": {
      "version": "3.25.76",
      "resolved": "https://registry.npmjs.org/zod/-/zod-3.25.76.tgz",
      "integrity": "sha512-gzUt/qt81nXsFGKIFcC3YnfEAx5NkunCfnDlvuBSSFS02bcXu4Lmea0AFIUwbLWxWPx3d9p8S5QoaujKcNQxcQ==",
      "devOptional": true,
      "license": "MIT",
      "funding": {
        "url": "https://github.com/sponsors/colinhacks"
      }
    }
  }
}
